// !$*UTF8*$!
{
	archiveVersion = 1;
	classes = {
	};
	objectVersion = 56;
	objects = {

/* Begin PBXBuildFile section */
		269CA85F47E54FC50FB86133 /* Pods_EvaClub.framework in Frameworks */ = {isa = PBXBuildFile; fileRef = 27E1E0EFC8AAE64B586D4C95 /* Pods_EvaClub.framework */; };
		64191B712CD7AF4A006EF91B /* QRView.swift in Sources */ = {isa = PBXBuildFile; fileRef = 64191B702CD7AF4A006EF91B /* QRView.swift */; };
		64191B742CD7B373006EF91B /* MenuView.swift in Sources */ = {isa = PBXBuildFile; fileRef = 64191B732CD7B373006EF91B /* MenuView.swift */; };
		64191B762CD7B56A006EF91B /* menu.json in Resources */ = {isa = PBXBuildFile; fileRef = 64191B752CD7B56A006EF91B /* menu.json */; };
		6427D5832CC7C1360014CA2D /* LoginView.swift in Sources */ = {isa = PBXBuildFile; fileRef = 6427D5822CC7C1360014CA2D /* LoginView.swift */; };
		6439F9CC2CD8DC0900CE57F3 /* RealmCart.swift in Sources */ = {isa = PBXBuildFile; fileRef = 6439F9CB2CD8DC0900CE57F3 /* RealmCart.swift */; };
		64435B1D2CCAB8F100F79497 /* SigninView.swift in Sources */ = {isa = PBXBuildFile; fileRef = 64435B1C2CCAB8F100F79497 /* SigninView.swift */; };
		64435B202CCAB9B200F79497 /* WelcomeView.swift in Sources */ = {isa = PBXBuildFile; fileRef = 64435B1F2CCAB9B200F79497 /* WelcomeView.swift */; };
		64435B232CCABB9C00F79497 /* MainView.swift in Sources */ = {isa = PBXBuildFile; fileRef = 64435B222CCABB9C00F79497 /* MainView.swift */; };
		64435B262CCABCBD00F79497 /* TabView.swift in Sources */ = {isa = PBXBuildFile; fileRef = 64435B252CCABCBD00F79497 /* TabView.swift */; };
		64435B292CCABF2800F79497 /* ChatDetailView.swift in Sources */ = {isa = PBXBuildFile; fileRef = 64435B282CCABF2800F79497 /* ChatDetailView.swift */; };
		64435B2C2CCAC17100F79497 /* AddFriendView.swift in Sources */ = {isa = PBXBuildFile; fileRef = 64435B2B2CCAC17100F79497 /* AddFriendView.swift */; };
		64435B2F2CCAC25800F79497 /* AddFriendDetailView.swift in Sources */ = {isa = PBXBuildFile; fileRef = 64435B2E2CCAC25800F79497 /* AddFriendDetailView.swift */; };
		64435B322CCAC38700F79497 /* ProfileView.swift in Sources */ = {isa = PBXBuildFile; fileRef = 64435B312CCAC38700F79497 /* ProfileView.swift */; };
		64435B352CCAC41F00F79497 /* SettingsView.swift in Sources */ = {isa = PBXBuildFile; fileRef = 64435B342CCAC41F00F79497 /* SettingsView.swift */; };
		64435B382CCAC4B300F79497 /* ClubNewsView.swift in Sources */ = {isa = PBXBuildFile; fileRef = 64435B372CCAC4B300F79497 /* ClubNewsView.swift */; };
		64435B3B2CCB8DFD00F79497 /* NetworkManager.swift in Sources */ = {isa = PBXBuildFile; fileRef = 64435B3A2CCB8DFD00F79497 /* NetworkManager.swift */; };
		64435B3E2CCB8E2500F79497 /* News.swift in Sources */ = {isa = PBXBuildFile; fileRef = 64435B3D2CCB8E2500F79497 /* News.swift */; };
		64435B412CCB970400F79497 /* RootView.swift in Sources */ = {isa = PBXBuildFile; fileRef = 64435B402CCB970400F79497 /* RootView.swift */; };
		64435B442CCBA01E00F79497 /* PassView.swift in Sources */ = {isa = PBXBuildFile; fileRef = 64435B432CCBA01E00F79497 /* PassView.swift */; };
		64435B462CCBA15C00F79497 /* AuthViewModel.swift in Sources */ = {isa = PBXBuildFile; fileRef = 64435B452CCBA15C00F79497 /* AuthViewModel.swift */; };
		647ECA772CCFAF7A004F8A69 /* RealmUser.swift in Sources */ = {isa = PBXBuildFile; fileRef = 647ECA762CCFAF7A004F8A69 /* RealmUser.swift */; };
		647ECA792CCFAFA9004F8A69 /* StorageManager.swift in Sources */ = {isa = PBXBuildFile; fileRef = 647ECA782CCFAFA9004F8A69 /* StorageManager.swift */; };
		647ECA7B2CCFB218004F8A69 /* DataManager.swift in Sources */ = {isa = PBXBuildFile; fileRef = 647ECA7A2CCFB218004F8A69 /* DataManager.swift */; };
		64CF20DB2CD0E71200DF3057 /* DynamicHeightTextView.swift in Sources */ = {isa = PBXBuildFile; fileRef = 64CF20DA2CD0E71200DF3057 /* DynamicHeightTextView.swift */; };
		64CF20DD2CD0F1AC00DF3057 /* Keyb.swift in Sources */ = {isa = PBXBuildFile; fileRef = 64CF20DC2CD0F1AC00DF3057 /* Keyb.swift */; };
		64CF20DF2CD0F85900DF3057 /* RealmMessages.swift in Sources */ = {isa = PBXBuildFile; fileRef = 64CF20DE2CD0F85900DF3057 /* RealmMessages.swift */; };
		64CF20E12CD1039C00DF3057 /* TermsOfUseView.swift in Sources */ = {isa = PBXBuildFile; fileRef = 64CF20E02CD1039C00DF3057 /* TermsOfUseView.swift */; };
		64CF20E32CD141DD00DF3057 /* GoogleService-Info.plist in Resources */ = {isa = PBXBuildFile; fileRef = 64CF20E22CD141DD00DF3057 /* GoogleService-Info.plist */; };
		64FA00AD2CC691DE0063B1C9 /* AppDelegate.swift in Sources */ = {isa = PBXBuildFile; fileRef = 64FA00AC2CC691DE0063B1C9 /* AppDelegate.swift */; };
		64FA00AF2CC691DE0063B1C9 /* SceneDelegate.swift in Sources */ = {isa = PBXBuildFile; fileRef = 64FA00AE2CC691DE0063B1C9 /* SceneDelegate.swift */; };
		64FA00B12CC691DE0063B1C9 /* ViewController.swift in Sources */ = {isa = PBXBuildFile; fileRef = 64FA00B02CC691DE0063B1C9 /* ViewController.swift */; };
		64FA00B42CC691DE0063B1C9 /* Base in Resources */ = {isa = PBXBuildFile; fileRef = 64FA00B32CC691DE0063B1C9 /* Base */; };
		64FA00B62CC691DF0063B1C9 /* Assets.xcassets in Resources */ = {isa = PBXBuildFile; fileRef = 64FA00B52CC691DF0063B1C9 /* Assets.xcassets */; };
		64FA00B92CC691DF0063B1C9 /* Base in Resources */ = {isa = PBXBuildFile; fileRef = 64FA00B82CC691DF0063B1C9 /* Base */; };
		64FA00C22CC691F00063B1C9 /* Extension.swift in Sources */ = {isa = PBXBuildFile; fileRef = 64FA00C12CC691F00063B1C9 /* Extension.swift */; };
/* End PBXBuildFile section */

/* Begin PBXFileReference section */
		27E1E0EFC8AAE64B586D4C95 /* Pods_EvaClub.framework */ = {isa = PBXFileReference; explicitFileType = wrapper.framework; includeInIndex = 0; path = Pods_EvaClub.framework; sourceTree = BUILT_PRODUCTS_DIR; };
		52B4C547DA026544795E6555 /* Pods-EvaClub.debug.xcconfig */ = {isa = PBXFileReference; includeInIndex = 1; lastKnownFileType = text.xcconfig; name = "Pods-EvaClub.debug.xcconfig"; path = "Target Support Files/Pods-EvaClub/Pods-EvaClub.debug.xcconfig"; sourceTree = "<group>"; };
		64191B702CD7AF4A006EF91B /* QRView.swift */ = {isa = PBXFileReference; lastKnownFileType = sourcecode.swift; path = QRView.swift; sourceTree = "<group>"; };
		64191B732CD7B373006EF91B /* MenuView.swift */ = {isa = PBXFileReference; lastKnownFileType = sourcecode.swift; path = MenuView.swift; sourceTree = "<group>"; };
		64191B752CD7B56A006EF91B /* menu.json */ = {isa = PBXFileReference; lastKnownFileType = text.json; path = menu.json; sourceTree = "<group>"; };
		6427D5822CC7C1360014CA2D /* LoginView.swift */ = {isa = PBXFileReference; lastKnownFileType = sourcecode.swift; path = LoginView.swift; sourceTree = "<group>"; };
		6439F9CB2CD8DC0900CE57F3 /* RealmCart.swift */ = {isa = PBXFileReference; lastKnownFileType = sourcecode.swift; path = RealmCart.swift; sourceTree = "<group>"; };
		64435B1C2CCAB8F100F79497 /* SigninView.swift */ = {isa = PBXFileReference; lastKnownFileType = sourcecode.swift; path = SigninView.swift; sourceTree = "<group>"; };
		64435B1F2CCAB9B200F79497 /* WelcomeView.swift */ = {isa = PBXFileReference; lastKnownFileType = sourcecode.swift; path = WelcomeView.swift; sourceTree = "<group>"; };
		64435B222CCABB9C00F79497 /* MainView.swift */ = {isa = PBXFileReference; lastKnownFileType = sourcecode.swift; path = MainView.swift; sourceTree = "<group>"; };
		64435B252CCABCBD00F79497 /* TabView.swift */ = {isa = PBXFileReference; lastKnownFileType = sourcecode.swift; path = TabView.swift; sourceTree = "<group>"; };
		64435B282CCABF2800F79497 /* ChatDetailView.swift */ = {isa = PBXFileReference; lastKnownFileType = sourcecode.swift; path = ChatDetailView.swift; sourceTree = "<group>"; };
		64435B2B2CCAC17100F79497 /* AddFriendView.swift */ = {isa = PBXFileReference; lastKnownFileType = sourcecode.swift; path = AddFriendView.swift; sourceTree = "<group>"; };
		64435B2E2CCAC25800F79497 /* AddFriendDetailView.swift */ = {isa = PBXFileReference; lastKnownFileType = sourcecode.swift; path = AddFriendDetailView.swift; sourceTree = "<group>"; };
		64435B312CCAC38700F79497 /* ProfileView.swift */ = {isa = PBXFileReference; lastKnownFileType = sourcecode.swift; path = ProfileView.swift; sourceTree = "<group>"; };
		64435B342CCAC41F00F79497 /* SettingsView.swift */ = {isa = PBXFileReference; lastKnownFileType = sourcecode.swift; path = SettingsView.swift; sourceTree = "<group>"; };
		64435B372CCAC4B300F79497 /* ClubNewsView.swift */ = {isa = PBXFileReference; lastKnownFileType = sourcecode.swift; path = ClubNewsView.swift; sourceTree = "<group>"; };
		64435B3A2CCB8DFD00F79497 /* NetworkManager.swift */ = {isa = PBXFileReference; lastKnownFileType = sourcecode.swift; path = NetworkManager.swift; sourceTree = "<group>"; };
		64435B3D2CCB8E2500F79497 /* News.swift */ = {isa = PBXFileReference; lastKnownFileType = sourcecode.swift; path = News.swift; sourceTree = "<group>"; };
		64435B402CCB970400F79497 /* RootView.swift */ = {isa = PBXFileReference; lastKnownFileType = sourcecode.swift; path = RootView.swift; sourceTree = "<group>"; };
		64435B432CCBA01E00F79497 /* PassView.swift */ = {isa = PBXFileReference; lastKnownFileType = sourcecode.swift; path = PassView.swift; sourceTree = "<group>"; };
		64435B452CCBA15C00F79497 /* AuthViewModel.swift */ = {isa = PBXFileReference; lastKnownFileType = sourcecode.swift; path = AuthViewModel.swift; sourceTree = "<group>"; };
		647ECA762CCFAF7A004F8A69 /* RealmUser.swift */ = {isa = PBXFileReference; lastKnownFileType = sourcecode.swift; path = RealmUser.swift; sourceTree = "<group>"; };
		647ECA782CCFAFA9004F8A69 /* StorageManager.swift */ = {isa = PBXFileReference; lastKnownFileType = sourcecode.swift; path = StorageManager.swift; sourceTree = "<group>"; };
		647ECA7A2CCFB218004F8A69 /* DataManager.swift */ = {isa = PBXFileReference; lastKnownFileType = sourcecode.swift; path = DataManager.swift; sourceTree = "<group>"; };
		64CF20DA2CD0E71200DF3057 /* DynamicHeightTextView.swift */ = {isa = PBXFileReference; lastKnownFileType = sourcecode.swift; path = DynamicHeightTextView.swift; sourceTree = "<group>"; };
		64CF20DC2CD0F1AC00DF3057 /* Keyb.swift */ = {isa = PBXFileReference; lastKnownFileType = sourcecode.swift; path = Keyb.swift; sourceTree = "<group>"; };
		64CF20DE2CD0F85900DF3057 /* RealmMessages.swift */ = {isa = PBXFileReference; lastKnownFileType = sourcecode.swift; path = RealmMessages.swift; sourceTree = "<group>"; };
		64CF20E02CD1039C00DF3057 /* TermsOfUseView.swift */ = {isa = PBXFileReference; lastKnownFileType = sourcecode.swift; path = TermsOfUseView.swift; sourceTree = "<group>"; };
		64CF20E22CD141DD00DF3057 /* GoogleService-Info.plist */ = {isa = PBXFileReference; fileEncoding = 4; lastKnownFileType = text.plist.xml; path = "GoogleService-Info.plist"; sourceTree = "<group>"; };
		64FA00A92CC691DE0063B1C9 /* EvaClub.app */ = {isa = PBXFileReference; explicitFileType = wrapper.application; includeInIndex = 0; path = EvaClub.app; sourceTree = BUILT_PRODUCTS_DIR; };
		64FA00AC2CC691DE0063B1C9 /* AppDelegate.swift */ = {isa = PBXFileReference; lastKnownFileType = sourcecode.swift; path = AppDelegate.swift; sourceTree = "<group>"; };
		64FA00AE2CC691DE0063B1C9 /* SceneDelegate.swift */ = {isa = PBXFileReference; lastKnownFileType = sourcecode.swift; path = SceneDelegate.swift; sourceTree = "<group>"; };
		64FA00B02CC691DE0063B1C9 /* ViewController.swift */ = {isa = PBXFileReference; lastKnownFileType = sourcecode.swift; path = ViewController.swift; sourceTree = "<group>"; };
		64FA00B32CC691DE0063B1C9 /* Base */ = {isa = PBXFileReference; lastKnownFileType = file.storyboard; name = Base; path = Base.lproj/Main.storyboard; sourceTree = "<group>"; };
		64FA00B52CC691DF0063B1C9 /* Assets.xcassets */ = {isa = PBXFileReference; lastKnownFileType = folder.assetcatalog; path = Assets.xcassets; sourceTree = "<group>"; };
		64FA00B82CC691DF0063B1C9 /* Base */ = {isa = PBXFileReference; lastKnownFileType = file.storyboard; name = Base; path = Base.lproj/LaunchScreen.storyboard; sourceTree = "<group>"; };
		64FA00BA2CC691DF0063B1C9 /* Info.plist */ = {isa = PBXFileReference; lastKnownFileType = text.plist.xml; path = Info.plist; sourceTree = "<group>"; };
		64FA00C12CC691F00063B1C9 /* Extension.swift */ = {isa = PBXFileReference; lastKnownFileType = sourcecode.swift; path = Extension.swift; sourceTree = "<group>"; };
		D268246FE497C2FC4C52F46F /* Pods-EvaClub.release.xcconfig */ = {isa = PBXFileReference; includeInIndex = 1; lastKnownFileType = text.xcconfig; name = "Pods-EvaClub.release.xcconfig"; path = "Target Support Files/Pods-EvaClub/Pods-EvaClub.release.xcconfig"; sourceTree = "<group>"; };
/* End PBXFileReference section */

/* Begin PBXFrameworksBuildPhase section */
		64FA00A62CC691DE0063B1C9 /* Frameworks */ = {
			isa = PBXFrameworksBuildPhase;
			buildActionMask = 2147483647;
			files = (
				269CA85F47E54FC50FB86133 /* Pods_EvaClub.framework in Frameworks */,
			);
			runOnlyForDeploymentPostprocessing = 0;
		};
/* End PBXFrameworksBuildPhase section */

/* Begin PBXGroup section */
		64191B6F2CD7AF46006EF91B /* QR */ = {
			isa = PBXGroup;
			children = (
				64191B702CD7AF4A006EF91B /* QRView.swift */,
			);
			path = QR;
			sourceTree = "<group>";
		};
		64191B722CD7B36B006EF91B /* Menu */ = {
			isa = PBXGroup;
			children = (
				64191B732CD7B373006EF91B /* MenuView.swift */,
				64191B752CD7B56A006EF91B /* menu.json */,
			);
			path = Menu;
			sourceTree = "<group>";
		};
		6427D5802CC7C11E0014CA2D /* APP */ = {
			isa = PBXGroup;
			children = (
				64FA00AC2CC691DE0063B1C9 /* AppDelegate.swift */,
				64FA00AE2CC691DE0063B1C9 /* SceneDelegate.swift */,
				64FA00B02CC691DE0063B1C9 /* ViewController.swift */,
			);
			path = APP;
			sourceTree = "<group>";
		};
		6427D5812CC7C1210014CA2D /* Auth */ = {
			isa = PBXGroup;
			children = (
				6427D5822CC7C1360014CA2D /* LoginView.swift */,
				64435B1C2CCAB8F100F79497 /* SigninView.swift */,
				64435B452CCBA15C00F79497 /* AuthViewModel.swift */,
			);
			path = Auth;
			sourceTree = "<group>";
		};
		64435B1E2CCAB9A500F79497 /* Welcome */ = {
			isa = PBXGroup;
			children = (
				64435B1F2CCAB9B200F79497 /* WelcomeView.swift */,
			);
			path = Welcome;
			sourceTree = "<group>";
		};
		64435B212CCABB8300F79497 /* Main */ = {
			isa = PBXGroup;
			children = (
				64435B222CCABB9C00F79497 /* MainView.swift */,
			);
			path = Main;
			sourceTree = "<group>";
		};
		64435B242CCABCB800F79497 /* Tab */ = {
			isa = PBXGroup;
			children = (
				64435B252CCABCBD00F79497 /* TabView.swift */,
			);
			path = Tab;
			sourceTree = "<group>";
		};
		64435B272CCABF1500F79497 /* ChatDetail */ = {
			isa = PBXGroup;
			children = (
				64435B282CCABF2800F79497 /* ChatDetailView.swift */,
				64CF20DA2CD0E71200DF3057 /* DynamicHeightTextView.swift */,
				64CF20DC2CD0F1AC00DF3057 /* Keyb.swift */,
				64CF20E02CD1039C00DF3057 /* TermsOfUseView.swift */,
			);
			path = ChatDetail;
			sourceTree = "<group>";
		};
		64435B2A2CCAC16300F79497 /* AddFriend */ = {
			isa = PBXGroup;
			children = (
				64435B2B2CCAC17100F79497 /* AddFriendView.swift */,
			);
			path = AddFriend;
			sourceTree = "<group>";
		};
		64435B2D2CCAC24800F79497 /* AddFriendDetail */ = {
			isa = PBXGroup;
			children = (
				64435B2E2CCAC25800F79497 /* AddFriendDetailView.swift */,
			);
			path = AddFriendDetail;
			sourceTree = "<group>";
		};
		64435B302CCAC37E00F79497 /* Profile */ = {
			isa = PBXGroup;
			children = (
				64435B312CCAC38700F79497 /* ProfileView.swift */,
			);
			path = Profile;
			sourceTree = "<group>";
		};
		64435B332CCAC41300F79497 /* Settings */ = {
			isa = PBXGroup;
			children = (
				64435B342CCAC41F00F79497 /* SettingsView.swift */,
			);
			path = Settings;
			sourceTree = "<group>";
		};
		64435B362CCAC4AA00F79497 /* ClubNews */ = {
			isa = PBXGroup;
			children = (
				64435B372CCAC4B300F79497 /* ClubNewsView.swift */,
			);
			path = ClubNews;
			sourceTree = "<group>";
		};
		64435B392CCB8DF200F79497 /* Service */ = {
			isa = PBXGroup;
			children = (
				64435B3A2CCB8DFD00F79497 /* NetworkManager.swift */,
				647ECA7A2CCFB218004F8A69 /* DataManager.swift */,
				647ECA782CCFAFA9004F8A69 /* StorageManager.swift */,
			);
			path = Service;
			sourceTree = "<group>";
		};
		64435B3C2CCB8E1D00F79497 /* Model */ = {
			isa = PBXGroup;
			children = (
				64435B3D2CCB8E2500F79497 /* News.swift */,
				647ECA762CCFAF7A004F8A69 /* RealmUser.swift */,
				64CF20DE2CD0F85900DF3057 /* RealmMessages.swift */,
				6439F9CB2CD8DC0900CE57F3 /* RealmCart.swift */,
			);
			path = Model;
			sourceTree = "<group>";
		};
		64435B3F2CCB96FC00F79497 /* Root */ = {
			isa = PBXGroup;
			children = (
				64435B402CCB970400F79497 /* RootView.swift */,
			);
			path = Root;
			sourceTree = "<group>";
		};
		64435B422CCBA01600F79497 /* Pass */ = {
			isa = PBXGroup;
			children = (
				64435B432CCBA01E00F79497 /* PassView.swift */,
			);
			path = Pass;
			sourceTree = "<group>";
		};
		64FA00A02CC691DE0063B1C9 = {
			isa = PBXGroup;
			children = (
				64FA00AB2CC691DE0063B1C9 /* EvaClub */,
				64FA00AA2CC691DE0063B1C9 /* Products */,
				A1DD36972704070FBA5D73C7 /* Pods */,
				F1E398D697B92C17CFD6995B /* Frameworks */,
			);
			sourceTree = "<group>";
		};
		64FA00AA2CC691DE0063B1C9 /* Products */ = {
			isa = PBXGroup;
			children = (
				64FA00A92CC691DE0063B1C9 /* EvaClub.app */,
			);
			name = Products;
			sourceTree = "<group>";
		};
		64FA00AB2CC691DE0063B1C9 /* EvaClub */ = {
			isa = PBXGroup;
			children = (
				64191B722CD7B36B006EF91B /* Menu */,
				64191B6F2CD7AF46006EF91B /* QR */,
				64CF20E22CD141DD00DF3057 /* GoogleService-Info.plist */,
				64435B422CCBA01600F79497 /* Pass */,
				64435B3F2CCB96FC00F79497 /* Root */,
				64435B3C2CCB8E1D00F79497 /* Model */,
				64435B392CCB8DF200F79497 /* Service */,
				64435B362CCAC4AA00F79497 /* ClubNews */,
				64435B332CCAC41300F79497 /* Settings */,
				64435B302CCAC37E00F79497 /* Profile */,
				64435B2D2CCAC24800F79497 /* AddFriendDetail */,
				64435B2A2CCAC16300F79497 /* AddFriend */,
				64435B272CCABF1500F79497 /* ChatDetail */,
				64435B242CCABCB800F79497 /* Tab */,
				64435B212CCABB8300F79497 /* Main */,
				64435B1E2CCAB9A500F79497 /* Welcome */,
				6427D5812CC7C1210014CA2D /* Auth */,
				64FA00C02CC691E30063B1C9 /* Components */,
				6427D5802CC7C11E0014CA2D /* APP */,
				64FA00B22CC691DE0063B1C9 /* Main.storyboard */,
				64FA00B52CC691DF0063B1C9 /* Assets.xcassets */,
				64FA00B72CC691DF0063B1C9 /* LaunchScreen.storyboard */,
				64FA00BA2CC691DF0063B1C9 /* Info.plist */,
			);
			path = EvaClub;
			sourceTree = "<group>";
		};
		64FA00C02CC691E30063B1C9 /* Components */ = {
			isa = PBXGroup;
			children = (
				64FA00C12CC691F00063B1C9 /* Extension.swift */,
			);
			path = Components;
			sourceTree = "<group>";
		};
		A1DD36972704070FBA5D73C7 /* Pods */ = {
			isa = PBXGroup;
			children = (
				52B4C547DA026544795E6555 /* Pods-EvaClub.debug.xcconfig */,
				D268246FE497C2FC4C52F46F /* Pods-EvaClub.release.xcconfig */,
			);
			path = Pods;
			sourceTree = "<group>";
		};
		F1E398D697B92C17CFD6995B /* Frameworks */ = {
			isa = PBXGroup;
			children = (
				27E1E0EFC8AAE64B586D4C95 /* Pods_EvaClub.framework */,
			);
			name = Frameworks;
			sourceTree = "<group>";
		};
/* End PBXGroup section */

/* Begin PBXNativeTarget section */
		64FA00A82CC691DE0063B1C9 /* EvaClub */ = {
			isa = PBXNativeTarget;
			buildConfigurationList = 64FA00BD2CC691DF0063B1C9 /* Build configuration list for PBXNativeTarget "EvaClub" */;
			buildPhases = (
				5410D5C8266C4967C0795109 /* [CP] Check Pods Manifest.lock */,
				64FA00A52CC691DE0063B1C9 /* Sources */,
				64FA00A62CC691DE0063B1C9 /* Frameworks */,
				64FA00A72CC691DE0063B1C9 /* Resources */,
				4FC4220CD516028CA2197ED1 /* [CP] Embed Pods Frameworks */,
			);
			buildRules = (
			);
			dependencies = (
			);
			name = EvaClub;
			productName = EvaClub;
			productReference = 64FA00A92CC691DE0063B1C9 /* EvaClub.app */;
			productType = "com.apple.product-type.application";
		};
/* End PBXNativeTarget section */

/* Begin PBXProject section */
		64FA00A12CC691DE0063B1C9 /* Project object */ = {
			isa = PBXProject;
			attributes = {
				BuildIndependentTargetsInParallel = 1;
				LastSwiftUpdateCheck = 1540;
				LastUpgradeCheck = 1540;
				TargetAttributes = {
					64FA00A82CC691DE0063B1C9 = {
						CreatedOnToolsVersion = 15.4;
					};
				};
			};
			buildConfigurationList = 64FA00A42CC691DE0063B1C9 /* Build configuration list for PBXProject "EvaClub" */;
			compatibilityVersion = "Xcode 14.0";
			developmentRegion = en;
			hasScannedForEncodings = 0;
			knownRegions = (
				en,
				Base,
			);
			mainGroup = 64FA00A02CC691DE0063B1C9;
			productRefGroup = 64FA00AA2CC691DE0063B1C9 /* Products */;
			projectDirPath = "";
			projectRoot = "";
			targets = (
				64FA00A82CC691DE0063B1C9 /* EvaClub */,
			);
		};
/* End PBXProject section */

/* Begin PBXResourcesBuildPhase section */
		64FA00A72CC691DE0063B1C9 /* Resources */ = {
			isa = PBXResourcesBuildPhase;
			buildActionMask = 2147483647;
			files = (
				64191B762CD7B56A006EF91B /* menu.json in Resources */,
				64FA00B62CC691DF0063B1C9 /* Assets.xcassets in Resources */,
				64CF20E32CD141DD00DF3057 /* GoogleService-Info.plist in Resources */,
				64FA00B92CC691DF0063B1C9 /* Base in Resources */,
				64FA00B42CC691DE0063B1C9 /* Base in Resources */,
			);
			runOnlyForDeploymentPostprocessing = 0;
		};
/* End PBXResourcesBuildPhase section */

/* Begin PBXShellScriptBuildPhase section */
		4FC4220CD516028CA2197ED1 /* [CP] Embed Pods Frameworks */ = {
			isa = PBXShellScriptBuildPhase;
			buildActionMask = 2147483647;
			files = (
			);
			inputFileListPaths = (
				"${PODS_ROOT}/Target Support Files/Pods-EvaClub/Pods-EvaClub-frameworks-${CONFIGURATION}-input-files.xcfilelist",
			);
			name = "[CP] Embed Pods Frameworks";
			outputFileListPaths = (
				"${PODS_ROOT}/Target Support Files/Pods-EvaClub/Pods-EvaClub-frameworks-${CONFIGURATION}-output-files.xcfilelist",
			);
			runOnlyForDeploymentPostprocessing = 0;
			shellPath = /bin/sh;
			shellScript = "\"${PODS_ROOT}/Target Support Files/Pods-EvaClub/Pods-EvaClub-frameworks.sh\"\n";
			showEnvVarsInLog = 0;
		};
		5410D5C8266C4967C0795109 /* [CP] Check Pods Manifest.lock */ = {
			isa = PBXShellScriptBuildPhase;
			buildActionMask = 2147483647;
			files = (
			);
			inputFileListPaths = (
			);
			inputPaths = (
				"${PODS_PODFILE_DIR_PATH}/Podfile.lock",
				"${PODS_ROOT}/Manifest.lock",
			);
			name = "[CP] Check Pods Manifest.lock";
			outputFileListPaths = (
			);
			outputPaths = (
				"$(DERIVED_FILE_DIR)/Pods-EvaClub-checkManifestLockResult.txt",
			);
			runOnlyForDeploymentPostprocessing = 0;
			shellPath = /bin/sh;
			shellScript = "diff \"${PODS_PODFILE_DIR_PATH}/Podfile.lock\" \"${PODS_ROOT}/Manifest.lock\" > /dev/null\nif [ $? != 0 ] ; then\n    # print error to STDERR\n    echo \"error: The sandbox is not in sync with the Podfile.lock. Run 'pod install' or update your CocoaPods installation.\" >&2\n    exit 1\nfi\n# This output is used by Xcode 'outputs' to avoid re-running this script phase.\necho \"SUCCESS\" > \"${SCRIPT_OUTPUT_FILE_0}\"\n";
			showEnvVarsInLog = 0;
		};
/* End PBXShellScriptBuildPhase section */

/* Begin PBXSourcesBuildPhase section */
		64FA00A52CC691DE0063B1C9 /* Sources */ = {
			isa = PBXSourcesBuildPhase;
			buildActionMask = 2147483647;
			files = (
				64435B462CCBA15C00F79497 /* AuthViewModel.swift in Sources */,
				64FA00B12CC691DE0063B1C9 /* ViewController.swift in Sources */,
				64CF20DB2CD0E71200DF3057 /* DynamicHeightTextView.swift in Sources */,
				64CF20E12CD1039C00DF3057 /* TermsOfUseView.swift in Sources */,
				64CF20DF2CD0F85900DF3057 /* RealmMessages.swift in Sources */,
				647ECA772CCFAF7A004F8A69 /* RealmUser.swift in Sources */,
				64435B322CCAC38700F79497 /* ProfileView.swift in Sources */,
				6439F9CC2CD8DC0900CE57F3 /* RealmCart.swift in Sources */,
				64435B2C2CCAC17100F79497 /* AddFriendView.swift in Sources */,
				647ECA7B2CCFB218004F8A69 /* DataManager.swift in Sources */,
				64435B232CCABB9C00F79497 /* MainView.swift in Sources */,
				64435B3B2CCB8DFD00F79497 /* NetworkManager.swift in Sources */,
				64FA00AD2CC691DE0063B1C9 /* AppDelegate.swift in Sources */,
				64435B442CCBA01E00F79497 /* PassView.swift in Sources */,
				64191B712CD7AF4A006EF91B /* QRView.swift in Sources */,
				64435B1D2CCAB8F100F79497 /* SigninView.swift in Sources */,
				64FA00AF2CC691DE0063B1C9 /* SceneDelegate.swift in Sources */,
				64435B352CCAC41F00F79497 /* SettingsView.swift in Sources */,
				64191B742CD7B373006EF91B /* MenuView.swift in Sources */,
				6427D5832CC7C1360014CA2D /* LoginView.swift in Sources */,
				647ECA792CCFAFA9004F8A69 /* StorageManager.swift in Sources */,
				64435B2F2CCAC25800F79497 /* AddFriendDetailView.swift in Sources */,
				64435B292CCABF2800F79497 /* ChatDetailView.swift in Sources */,
				64FA00C22CC691F00063B1C9 /* Extension.swift in Sources */,
				64435B262CCABCBD00F79497 /* TabView.swift in Sources */,
				64435B412CCB970400F79497 /* RootView.swift in Sources */,
				64435B202CCAB9B200F79497 /* WelcomeView.swift in Sources */,
				64435B3E2CCB8E2500F79497 /* News.swift in Sources */,
				64435B382CCAC4B300F79497 /* ClubNewsView.swift in Sources */,
				64CF20DD2CD0F1AC00DF3057 /* Keyb.swift in Sources */,
			);
			runOnlyForDeploymentPostprocessing = 0;
		};
/* End PBXSourcesBuildPhase section */

/* Begin PBXVariantGroup section */
		64FA00B22CC691DE0063B1C9 /* Main.storyboard */ = {
			isa = PBXVariantGroup;
			children = (
				64FA00B32CC691DE0063B1C9 /* Base */,
			);
			name = Main.storyboard;
			sourceTree = "<group>";
		};
		64FA00B72CC691DF0063B1C9 /* LaunchScreen.storyboard */ = {
			isa = PBXVariantGroup;
			children = (
				64FA00B82CC691DF0063B1C9 /* Base */,
			);
			name = LaunchScreen.storyboard;
			sourceTree = "<group>";
		};
/* End PBXVariantGroup section */

/* Begin XCBuildConfiguration section */
		64FA00BB2CC691DF0063B1C9 /* Debug */ = {
			isa = XCBuildConfiguration;
			buildSettings = {
				ALWAYS_SEARCH_USER_PATHS = NO;
				ASSETCATALOG_COMPILER_GENERATE_SWIFT_ASSET_SYMBOL_EXTENSIONS = YES;
				CLANG_ANALYZER_NONNULL = YES;
				CLANG_ANALYZER_NUMBER_OBJECT_CONVERSION = YES_AGGRESSIVE;
				CLANG_CXX_LANGUAGE_STANDARD = "gnu++20";
				CLANG_ENABLE_MODULES = YES;
				CLANG_ENABLE_OBJC_ARC = YES;
				CLANG_ENABLE_OBJC_WEAK = YES;
				CLANG_WARN_BLOCK_CAPTURE_AUTORELEASING = YES;
				CLANG_WARN_BOOL_CONVERSION = YES;
				CLANG_WARN_COMMA = YES;
				CLANG_WARN_CONSTANT_CONVERSION = YES;
				CLANG_WARN_DEPRECATED_OBJC_IMPLEMENTATIONS = YES;
				CLANG_WARN_DIRECT_OBJC_ISA_USAGE = YES_ERROR;
				CLANG_WARN_DOCUMENTATION_COMMENTS = YES;
				CLANG_WARN_EMPTY_BODY = YES;
				CLANG_WARN_ENUM_CONVERSION = YES;
				CLANG_WARN_INFINITE_RECURSION = YES;
				CLANG_WARN_INT_CONVERSION = YES;
				CLANG_WARN_NON_LITERAL_NULL_CONVERSION = YES;
				CLANG_WARN_OBJC_IMPLICIT_RETAIN_SELF = YES;
				CLANG_WARN_OBJC_LITERAL_CONVERSION = YES;
				CLANG_WARN_OBJC_ROOT_CLASS = YES_ERROR;
				CLANG_WARN_QUOTED_INCLUDE_IN_FRAMEWORK_HEADER = YES;
				CLANG_WARN_RANGE_LOOP_ANALYSIS = YES;
				CLANG_WARN_STRICT_PROTOTYPES = YES;
				CLANG_WARN_SUSPICIOUS_MOVE = YES;
				CLANG_WARN_UNGUARDED_AVAILABILITY = YES_AGGRESSIVE;
				CLANG_WARN_UNREACHABLE_CODE = YES;
				CLANG_WARN__DUPLICATE_METHOD_MATCH = YES;
				COPY_PHASE_STRIP = NO;
				DEBUG_INFORMATION_FORMAT = dwarf;
				ENABLE_STRICT_OBJC_MSGSEND = YES;
				ENABLE_TESTABILITY = YES;
				ENABLE_USER_SCRIPT_SANDBOXING = NO;
				GCC_C_LANGUAGE_STANDARD = gnu17;
				GCC_DYNAMIC_NO_PIC = NO;
				GCC_NO_COMMON_BLOCKS = YES;
				GCC_OPTIMIZATION_LEVEL = 0;
				GCC_PREPROCESSOR_DEFINITIONS = (
					"DEBUG=1",
					"$(inherited)",
				);
				GCC_WARN_64_TO_32_BIT_CONVERSION = YES;
				GCC_WARN_ABOUT_RETURN_TYPE = YES_ERROR;
				GCC_WARN_UNDECLARED_SELECTOR = YES;
				GCC_WARN_UNINITIALIZED_AUTOS = YES_AGGRESSIVE;
				GCC_WARN_UNUSED_FUNCTION = YES;
				GCC_WARN_UNUSED_VARIABLE = YES;
				IPHONEOS_DEPLOYMENT_TARGET = 17.5;
				LOCALIZATION_PREFERS_STRING_CATALOGS = YES;
				MTL_ENABLE_DEBUG_INFO = INCLUDE_SOURCE;
				MTL_FAST_MATH = YES;
				ONLY_ACTIVE_ARCH = YES;
				SDKROOT = iphoneos;
				SWIFT_ACTIVE_COMPILATION_CONDITIONS = "DEBUG $(inherited)";
				SWIFT_OPTIMIZATION_LEVEL = "-Onone";
			};
			name = Debug;
		};
		64FA00BC2CC691DF0063B1C9 /* Release */ = {
			isa = XCBuildConfiguration;
			buildSettings = {
				ALWAYS_SEARCH_USER_PATHS = NO;
				ASSETCATALOG_COMPILER_GENERATE_SWIFT_ASSET_SYMBOL_EXTENSIONS = YES;
				CLANG_ANALYZER_NONNULL = YES;
				CLANG_ANALYZER_NUMBER_OBJECT_CONVERSION = YES_AGGRESSIVE;
				CLANG_CXX_LANGUAGE_STANDARD = "gnu++20";
				CLANG_ENABLE_MODULES = YES;
				CLANG_ENABLE_OBJC_ARC = YES;
				CLANG_ENABLE_OBJC_WEAK = YES;
				CLANG_WARN_BLOCK_CAPTURE_AUTORELEASING = YES;
				CLANG_WARN_BOOL_CONVERSION = YES;
				CLANG_WARN_COMMA = YES;
				CLANG_WARN_CONSTANT_CONVERSION = YES;
				CLANG_WARN_DEPRECATED_OBJC_IMPLEMENTATIONS = YES;
				CLANG_WARN_DIRECT_OBJC_ISA_USAGE = YES_ERROR;
				CLANG_WARN_DOCUMENTATION_COMMENTS = YES;
				CLANG_WARN_EMPTY_BODY = YES;
				CLANG_WARN_ENUM_CONVERSION = YES;
				CLANG_WARN_INFINITE_RECURSION = YES;
				CLANG_WARN_INT_CONVERSION = YES;
				CLANG_WARN_NON_LITERAL_NULL_CONVERSION = YES;
				CLANG_WARN_OBJC_IMPLICIT_RETAIN_SELF = YES;
				CLANG_WARN_OBJC_LITERAL_CONVERSION = YES;
				CLANG_WARN_OBJC_ROOT_CLASS = YES_ERROR;
				CLANG_WARN_QUOTED_INCLUDE_IN_FRAMEWORK_HEADER = YES;
				CLANG_WARN_RANGE_LOOP_ANALYSIS = YES;
				CLANG_WARN_STRICT_PROTOTYPES = YES;
				CLANG_WARN_SUSPICIOUS_MOVE = YES;
				CLANG_WARN_UNGUARDED_AVAILABILITY = YES_AGGRESSIVE;
				CLANG_WARN_UNREACHABLE_CODE = YES;
				CLANG_WARN__DUPLICATE_METHOD_MATCH = YES;
				COPY_PHASE_STRIP = NO;
				DEBUG_INFORMATION_FORMAT = "dwarf-with-dsym";
				ENABLE_NS_ASSERTIONS = NO;
				ENABLE_STRICT_OBJC_MSGSEND = YES;
				ENABLE_USER_SCRIPT_SANDBOXING = NO;
				GCC_C_LANGUAGE_STANDARD = gnu17;
				GCC_NO_COMMON_BLOCKS = YES;
				GCC_WARN_64_TO_32_BIT_CONVERSION = YES;
				GCC_WARN_ABOUT_RETURN_TYPE = YES_ERROR;
				GCC_WARN_UNDECLARED_SELECTOR = YES;
				GCC_WARN_UNINITIALIZED_AUTOS = YES_AGGRESSIVE;
				GCC_WARN_UNUSED_FUNCTION = YES;
				GCC_WARN_UNUSED_VARIABLE = YES;
				IPHONEOS_DEPLOYMENT_TARGET = 17.5;
				LOCALIZATION_PREFERS_STRING_CATALOGS = YES;
				MTL_ENABLE_DEBUG_INFO = NO;
				MTL_FAST_MATH = YES;
				SDKROOT = iphoneos;
				SWIFT_COMPILATION_MODE = wholemodule;
				VALIDATE_PRODUCT = YES;
			};
			name = Release;
		};
		64FA00BE2CC691DF0063B1C9 /* Debug */ = {
			isa = XCBuildConfiguration;
			baseConfigurationReference = 52B4C547DA026544795E6555 /* Pods-EvaClub.debug.xcconfig */;
			buildSettings = {
				ASSETCATALOG_COMPILER_APPICON_NAME = AppIcon;
				ASSETCATALOG_COMPILER_GLOBAL_ACCENT_COLOR_NAME = AccentColor;
				CODE_SIGN_IDENTITY = "Apple Development";
				CODE_SIGN_STYLE = Automatic;
				CURRENT_PROJECT_VERSION = 1;
				DEVELOPMENT_TEAM = K6WM5M29R2;
				GENERATE_INFOPLIST_FILE = YES;
				INFOPLIST_FILE = EvaClub/Info.plist;
				INFOPLIST_KEY_CFBundleDisplayName = "Eva Elf Club";
				INFOPLIST_KEY_NSCameraUsageDescription = "We need access to your Camera so you can scan QR codes.";
				INFOPLIST_KEY_NSFaceIDUsageDescription = "Access requires authentication using Face ID";
				INFOPLIST_KEY_UIApplicationSupportsIndirectInputEvents = YES;
				INFOPLIST_KEY_UILaunchStoryboardName = LaunchScreen;
				INFOPLIST_KEY_UIMainStoryboardFile = Main;
				INFOPLIST_KEY_UISupportedInterfaceOrientations = UIInterfaceOrientationPortrait;
				INFOPLIST_KEY_UISupportedInterfaceOrientations_iPad = "UIInterfaceOrientationLandscapeLeft UIInterfaceOrientationLandscapeRight UIInterfaceOrientationPortrait UIInterfaceOrientationPortraitUpsideDown";
				IPHONEOS_DEPLOYMENT_TARGET = 16.0;
				LD_RUNPATH_SEARCH_PATHS = (
					"$(inherited)",
					"@executable_path/Frameworks",
				);
				MARKETING_VERSION = 1.0.1;
				PRODUCT_BUNDLE_IDENTIFIER = com.EvaElfClub123;
				PRODUCT_NAME = "$(TARGET_NAME)";
				PROVISIONING_PROFILE_SPECIFIER = "";
				SUPPORTED_PLATFORMS = "iphoneos iphonesimulator";
				SUPPORTS_MACCATALYST = NO;
				SUPPORTS_MAC_DESIGNED_FOR_IPHONE_IPAD = NO;
				SUPPORTS_XR_DESIGNED_FOR_IPHONE_IPAD = NO;
				SWIFT_EMIT_LOC_STRINGS = YES;
				SWIFT_VERSION = 5.0;
				TARGETED_DEVICE_FAMILY = 1;
			};
			name = Debug;
		};
		64FA00BF2CC691DF0063B1C9 /* Release */ = {
			isa = XCBuildConfiguration;
			baseConfigurationReference = D268246FE497C2FC4C52F46F /* Pods-EvaClub.release.xcconfig */;
			buildSettings = {
				ASSETCATALOG_COMPILER_APPICON_NAME = AppIcon;
				ASSETCATALOG_COMPILER_GLOBAL_ACCENT_COLOR_NAME = AccentColor;
				CODE_SIGN_IDENTITY = "Apple Development";
				CODE_SIGN_STYLE = Automatic;
				CURRENT_PROJECT_VERSION = 1;
				DEVELOPMENT_TEAM = K6WM5M29R2;
				GENERATE_INFOPLIST_FILE = YES;
				INFOPLIST_FILE = EvaClub/Info.plist;
				INFOPLIST_KEY_CFBundleDisplayName = "Eva Elf Club";
				INFOPLIST_KEY_NSCameraUsageDescription = "We need access to your Camera so you can scan QR codes.";
				INFOPLIST_KEY_NSFaceIDUsageDescription = "Access requires authentication using Face ID";
				INFOPLIST_KEY_UIApplicationSupportsIndirectInputEvents = YES;
				INFOPLIST_KEY_UILaunchStoryboardName = LaunchScreen;
				INFOPLIST_KEY_UIMainStoryboardFile = Main;
				INFOPLIST_KEY_UISupportedInterfaceOrientations = UIInterfaceOrientationPortrait;
				INFOPLIST_KEY_UISupportedInterfaceOrientations_iPad = "UIInterfaceOrientationLandscapeLeft UIInterfaceOrientationLandscapeRight UIInterfaceOrientationPortrait UIInterfaceOrientationPortraitUpsideDown";
				IPHONEOS_DEPLOYMENT_TARGET = 16.0;
				LD_RUNPATH_SEARCH_PATHS = (
					"$(inherited)",
					"@executable_path/Frameworks",
				);
				MARKETING_VERSION = 1.0.1;
				PRODUCT_BUNDLE_IDENTIFIER = com.EvaElfClub123;
				PRODUCT_NAME = "$(TARGET_NAME)";
				PROVISIONING_PROFILE_SPECIFIER = "";
				SUPPORTED_PLATFORMS = "iphoneos iphonesimulator";
				SUPPORTS_MACCATALYST = NO;
				SUPPORTS_MAC_DESIGNED_FOR_IPHONE_IPAD = NO;
				SUPPORTS_XR_DESIGNED_FOR_IPHONE_IPAD = NO;
				SWIFT_EMIT_LOC_STRINGS = YES;
				SWIFT_VERSION = 5.0;
				TARGETED_DEVICE_FAMILY = 1;
			};
			name = Release;
		};
/* End XCBuildConfiguration section */

/* Begin XCConfigurationList section */
		64FA00A42CC691DE0063B1C9 /* Build configuration list for PBXProject "EvaClub" */ = {
			isa = XCConfigurationList;
			buildConfigurations = (
				64FA00BB2CC691DF0063B1C9 /* Debug */,
				64FA00BC2CC691DF0063B1C9 /* Release */,
			);
			defaultConfigurationIsVisible = 0;
			defaultConfigurationName = Release;
		};
		64FA00BD2CC691DF0063B1C9 /* Build configuration list for PBXNativeTarget "EvaClub" */ = {
			isa = XCConfigurationList;
			buildConfigurations = (
				64FA00BE2CC691DF0063B1C9 /* Debug */,
				64FA00BF2CC691DF0063B1C9 /* Release */,
			);
			defaultConfigurationIsVisible = 0;
			defaultConfigurationName = Release;
		};
/* End XCConfigurationList section */
	};
	rootObject = 64FA00A12CC691DE0063B1C9 /* Project object */;
}
